// !$*UTF8*$!
{
	archiveVersion = 1;
	classes = {
	};
	objectVersion = 50;
	objects = {

/* Begin PBXBuildFile section */
		51DE31B4EA2193D1B69DC36E /* Pods_flow.framework in Frameworks */ = {isa = PBXBuildFile; fileRef = 82A2465C932888A1168152B9 /* Pods_flow.framework */; };
		8450AA2A21B89F7F00B44E39 /* AppDelegate.swift in Sources */ = {isa = PBXBuildFile; fileRef = 8450AA2921B89F7F00B44E39 /* AppDelegate.swift */; };
		8450AA2C21B89F7F00B44E39 /* AddCityVC.swift in Sources */ = {isa = PBXBuildFile; fileRef = 8450AA2B21B89F7F00B44E39 /* AddCityVC.swift */; };
		8450AA2F21B89F7F00B44E39 /* Main.storyboard in Resources */ = {isa = PBXBuildFile; fileRef = 8450AA2D21B89F7F00B44E39 /* Main.storyboard */; };
		8450AA3421B89F8300B44E39 /* LaunchScreen.storyboard in Resources */ = {isa = PBXBuildFile; fileRef = 8450AA3221B89F8300B44E39 /* LaunchScreen.storyboard */; };
		8450AA3F21B89F8300B44E39 /* flowTests.swift in Sources */ = {isa = PBXBuildFile; fileRef = 8450AA3E21B89F8300B44E39 /* flowTests.swift */; };
		8450AA4A21B8A49800B44E39 /* StartVC.swift in Sources */ = {isa = PBXBuildFile; fileRef = 8450AA4921B8A49800B44E39 /* StartVC.swift */; };
		8450AA4E21B8A6C500B44E39 /* Service.swift in Sources */ = {isa = PBXBuildFile; fileRef = 8450AA4D21B8A6C500B44E39 /* Service.swift */; };
		8450AA5121B8A95800B44E39 /* WeatherService.swift in Sources */ = {isa = PBXBuildFile; fileRef = 8450AA5021B8A95800B44E39 /* WeatherService.swift */; };
		8450AA5821B8AC2400B44E39 /* Assets.xcassets in Resources */ = {isa = PBXBuildFile; fileRef = 8450AA5721B8AC2400B44E39 /* Assets.xcassets */; };
		8450AA5A21B8AD9300B44E39 /* Tap.swift in Sources */ = {isa = PBXBuildFile; fileRef = 8450AA5921B8AD9300B44E39 /* Tap.swift */; };
		8450AA5C21B8B4CE00B44E39 /* XibView.swift in Sources */ = {isa = PBXBuildFile; fileRef = 8450AA5B21B8B4CE00B44E39 /* XibView.swift */; };
		8450AA6321B8B73000B44E39 /* Async.swift in Sources */ = {isa = PBXBuildFile; fileRef = 8450AA6221B8B73000B44E39 /* Async.swift */; };
		8450AA6521B8B8C400B44E39 /* City.swift in Sources */ = {isa = PBXBuildFile; fileRef = 8450AA6421B8B8C400B44E39 /* City.swift */; };
		8450AA6721B8B99D00B44E39 /* Optional.swift in Sources */ = {isa = PBXBuildFile; fileRef = 8450AA6621B8B99D00B44E39 /* Optional.swift */; };
		8450AA6921B8BC8F00B44E39 /* Result.swift in Sources */ = {isa = PBXBuildFile; fileRef = 8450AA6821B8BC8F00B44E39 /* Result.swift */; };
		8450AA6B21B8C46800B44E39 /* Weather.swift in Sources */ = {isa = PBXBuildFile; fileRef = 8450AA6A21B8C46800B44E39 /* Weather.swift */; };
		8450AA6E21B8C86100B44E39 /* WeatherParser.swift in Sources */ = {isa = PBXBuildFile; fileRef = 8450AA6D21B8C86100B44E39 /* WeatherParser.swift */; };
		8450AA7021B8CC8900B44E39 /* FPUtils.swift in Sources */ = {isa = PBXBuildFile; fileRef = 8450AA6F21B8CC8900B44E39 /* FPUtils.swift */; };
		8450AA7221B8D11400B44E39 /* Collection.swift in Sources */ = {isa = PBXBuildFile; fileRef = 8450AA7121B8D11400B44E39 /* Collection.swift */; };
		8450AA7421B8DC6500B44E39 /* AlertPresenter.swift in Sources */ = {isa = PBXBuildFile; fileRef = 8450AA7321B8DC6500B44E39 /* AlertPresenter.swift */; };
		8450AA7A21BA9A9B00B44E39 /* CityCell.swift in Sources */ = {isa = PBXBuildFile; fileRef = 8450AA7921BA9A9B00B44E39 /* CityCell.swift */; };
		8450AA7F21BA9B2D00B44E39 /* CityCellUiView.swift in Sources */ = {isa = PBXBuildFile; fileRef = 8450AA7D21BA9B2D00B44E39 /* CityCellUiView.swift */; };
		8450AA8021BA9B2D00B44E39 /* CityCellUiView.xib in Resources */ = {isa = PBXBuildFile; fileRef = 8450AA7E21BA9B2D00B44E39 /* CityCellUiView.xib */; };
		8450AA8321BAA55200B44E39 /* DetailsVC.swift in Sources */ = {isa = PBXBuildFile; fileRef = 8450AA8221BAA55200B44E39 /* DetailsVC.swift */; };
		8450AA8521BAA68F00B44E39 /* CountryService.swift in Sources */ = {isa = PBXBuildFile; fileRef = 8450AA8421BAA68F00B44E39 /* CountryService.swift */; };
		8450AA8721BAACAD00B44E39 /* CountryParser.swift in Sources */ = {isa = PBXBuildFile; fileRef = 8450AA8621BAACAD00B44E39 /* CountryParser.swift */; };
		8450AA8921BAB0DC00B44E39 /* ParserFunctions.swift in Sources */ = {isa = PBXBuildFile; fileRef = 8450AA8821BAB0DC00B44E39 /* ParserFunctions.swift */; };
		8450AA8C21BAB4CF00B44E39 /* NewCityCell.swift in Sources */ = {isa = PBXBuildFile; fileRef = 8450AA8B21BAB4CF00B44E39 /* NewCityCell.swift */; };
		AC80672EE2C829715EE7D50B /* Pods_flowTests.framework in Frameworks */ = {isa = PBXBuildFile; fileRef = 76319CA47DB8212748EC770C /* Pods_flowTests.framework */; };
/* End PBXBuildFile section */

/* Begin PBXContainerItemProxy section */
		8450AA3B21B89F8300B44E39 /* PBXContainerItemProxy */ = {
			isa = PBXContainerItemProxy;
			containerPortal = 8450AA1E21B89F7F00B44E39 /* Project object */;
			proxyType = 1;
			remoteGlobalIDString = 8450AA2521B89F7F00B44E39;
			remoteInfo = flow;
		};
/* End PBXContainerItemProxy section */

/* Begin PBXFileReference section */
		4E2E51D38B8EE45A58956FE9 /* Pods-flow.release.xcconfig */ = {isa = PBXFileReference; includeInIndex = 1; lastKnownFileType = text.xcconfig; name = "Pods-flow.release.xcconfig"; path = "Pods/Target Support Files/Pods-flow/Pods-flow.release.xcconfig"; sourceTree = "<group>"; };
		548C35AC01D6B1554AF63EAC /* Pods-flowTests.debug.xcconfig */ = {isa = PBXFileReference; includeInIndex = 1; lastKnownFileType = text.xcconfig; name = "Pods-flowTests.debug.xcconfig"; path = "Pods/Target Support Files/Pods-flowTests/Pods-flowTests.debug.xcconfig"; sourceTree = "<group>"; };
		709CDC27CA8ECFF96117FF4D /* Pods-flowTests.release.xcconfig */ = {isa = PBXFileReference; includeInIndex = 1; lastKnownFileType = text.xcconfig; name = "Pods-flowTests.release.xcconfig"; path = "Pods/Target Support Files/Pods-flowTests/Pods-flowTests.release.xcconfig"; sourceTree = "<group>"; };
		76319CA47DB8212748EC770C /* Pods_flowTests.framework */ = {isa = PBXFileReference; explicitFileType = wrapper.framework; includeInIndex = 0; path = Pods_flowTests.framework; sourceTree = BUILT_PRODUCTS_DIR; };
		82A2465C932888A1168152B9 /* Pods_flow.framework */ = {isa = PBXFileReference; explicitFileType = wrapper.framework; includeInIndex = 0; path = Pods_flow.framework; sourceTree = BUILT_PRODUCTS_DIR; };
		8450AA2621B89F7F00B44E39 /* flow.app */ = {isa = PBXFileReference; explicitFileType = wrapper.application; includeInIndex = 0; path = flow.app; sourceTree = BUILT_PRODUCTS_DIR; };
		8450AA2921B89F7F00B44E39 /* AppDelegate.swift */ = {isa = PBXFileReference; lastKnownFileType = sourcecode.swift; path = AppDelegate.swift; sourceTree = "<group>"; };
		8450AA2B21B89F7F00B44E39 /* AddCityVC.swift */ = {isa = PBXFileReference; lastKnownFileType = sourcecode.swift; path = AddCityVC.swift; sourceTree = "<group>"; };
		8450AA2E21B89F7F00B44E39 /* Base */ = {isa = PBXFileReference; lastKnownFileType = file.storyboard; name = Base; path = Base.lproj/Main.storyboard; sourceTree = "<group>"; };
		8450AA3321B89F8300B44E39 /* Base */ = {isa = PBXFileReference; lastKnownFileType = file.storyboard; name = Base; path = Base.lproj/LaunchScreen.storyboard; sourceTree = "<group>"; };
		8450AA3521B89F8300B44E39 /* Info.plist */ = {isa = PBXFileReference; lastKnownFileType = text.plist.xml; path = Info.plist; sourceTree = "<group>"; };
		8450AA3A21B89F8300B44E39 /* flowTests.xctest */ = {isa = PBXFileReference; explicitFileType = wrapper.cfbundle; includeInIndex = 0; path = flowTests.xctest; sourceTree = BUILT_PRODUCTS_DIR; };
		8450AA3E21B89F8300B44E39 /* flowTests.swift */ = {isa = PBXFileReference; lastKnownFileType = sourcecode.swift; path = flowTests.swift; sourceTree = "<group>"; };
		8450AA4021B89F8300B44E39 /* Info.plist */ = {isa = PBXFileReference; lastKnownFileType = text.plist.xml; path = Info.plist; sourceTree = "<group>"; };
		8450AA4921B8A49800B44E39 /* StartVC.swift */ = {isa = PBXFileReference; lastKnownFileType = sourcecode.swift; path = StartVC.swift; sourceTree = "<group>"; };
		8450AA4D21B8A6C500B44E39 /* Service.swift */ = {isa = PBXFileReference; lastKnownFileType = sourcecode.swift; path = Service.swift; sourceTree = "<group>"; };
		8450AA5021B8A95800B44E39 /* WeatherService.swift */ = {isa = PBXFileReference; lastKnownFileType = sourcecode.swift; path = WeatherService.swift; sourceTree = "<group>"; };
		8450AA5721B8AC2400B44E39 /* Assets.xcassets */ = {isa = PBXFileReference; lastKnownFileType = folder.assetcatalog; path = Assets.xcassets; sourceTree = "<group>"; };
		8450AA5921B8AD9300B44E39 /* Tap.swift */ = {isa = PBXFileReference; lastKnownFileType = sourcecode.swift; path = Tap.swift; sourceTree = "<group>"; };
		8450AA5B21B8B4CE00B44E39 /* XibView.swift */ = {isa = PBXFileReference; lastKnownFileType = sourcecode.swift; path = XibView.swift; sourceTree = "<group>"; };
		8450AA6221B8B73000B44E39 /* Async.swift */ = {isa = PBXFileReference; lastKnownFileType = sourcecode.swift; path = Async.swift; sourceTree = "<group>"; };
		8450AA6421B8B8C400B44E39 /* City.swift */ = {isa = PBXFileReference; lastKnownFileType = sourcecode.swift; path = City.swift; sourceTree = "<group>"; };
		8450AA6621B8B99D00B44E39 /* Optional.swift */ = {isa = PBXFileReference; lastKnownFileType = sourcecode.swift; path = Optional.swift; sourceTree = "<group>"; };
		8450AA6821B8BC8F00B44E39 /* Result.swift */ = {isa = PBXFileReference; lastKnownFileType = sourcecode.swift; path = Result.swift; sourceTree = "<group>"; };
		8450AA6A21B8C46800B44E39 /* Weather.swift */ = {isa = PBXFileReference; lastKnownFileType = sourcecode.swift; path = Weather.swift; sourceTree = "<group>"; };
		8450AA6D21B8C86100B44E39 /* WeatherParser.swift */ = {isa = PBXFileReference; lastKnownFileType = sourcecode.swift; path = WeatherParser.swift; sourceTree = "<group>"; };
		8450AA6F21B8CC8900B44E39 /* FPUtils.swift */ = {isa = PBXFileReference; lastKnownFileType = sourcecode.swift; path = FPUtils.swift; sourceTree = "<group>"; };
		8450AA7121B8D11400B44E39 /* Collection.swift */ = {isa = PBXFileReference; lastKnownFileType = sourcecode.swift; path = Collection.swift; sourceTree = "<group>"; };
		8450AA7321B8DC6500B44E39 /* AlertPresenter.swift */ = {isa = PBXFileReference; lastKnownFileType = sourcecode.swift; path = AlertPresenter.swift; sourceTree = "<group>"; };
		8450AA7921BA9A9B00B44E39 /* CityCell.swift */ = {isa = PBXFileReference; lastKnownFileType = sourcecode.swift; path = CityCell.swift; sourceTree = "<group>"; };
		8450AA7D21BA9B2D00B44E39 /* CityCellUiView.swift */ = {isa = PBXFileReference; lastKnownFileType = sourcecode.swift; path = CityCellUiView.swift; sourceTree = "<group>"; };
		8450AA7E21BA9B2D00B44E39 /* CityCellUiView.xib */ = {isa = PBXFileReference; lastKnownFileType = file.xib; path = CityCellUiView.xib; sourceTree = "<group>"; };
		8450AA8221BAA55200B44E39 /* DetailsVC.swift */ = {isa = PBXFileReference; lastKnownFileType = sourcecode.swift; path = DetailsVC.swift; sourceTree = "<group>"; };
		8450AA8421BAA68F00B44E39 /* CountryService.swift */ = {isa = PBXFileReference; lastKnownFileType = sourcecode.swift; path = CountryService.swift; sourceTree = "<group>"; };
		8450AA8621BAACAD00B44E39 /* CountryParser.swift */ = {isa = PBXFileReference; lastKnownFileType = sourcecode.swift; path = CountryParser.swift; sourceTree = "<group>"; };
		8450AA8821BAB0DC00B44E39 /* ParserFunctions.swift */ = {isa = PBXFileReference; lastKnownFileType = sourcecode.swift; path = ParserFunctions.swift; sourceTree = "<group>"; };
		8450AA8B21BAB4CF00B44E39 /* NewCityCell.swift */ = {isa = PBXFileReference; lastKnownFileType = sourcecode.swift; path = NewCityCell.swift; sourceTree = "<group>"; };
		B3B86B564B4757C1DFCB54E8 /* Pods-flow.debug.xcconfig */ = {isa = PBXFileReference; includeInIndex = 1; lastKnownFileType = text.xcconfig; name = "Pods-flow.debug.xcconfig"; path = "Pods/Target Support Files/Pods-flow/Pods-flow.debug.xcconfig"; sourceTree = "<group>"; };
/* End PBXFileReference section */

/* Begin PBXFrameworksBuildPhase section */
		8450AA2321B89F7F00B44E39 /* Frameworks */ = {
			isa = PBXFrameworksBuildPhase;
			buildActionMask = 2147483647;
			files = (
				51DE31B4EA2193D1B69DC36E /* Pods_flow.framework in Frameworks */,
			);
			runOnlyForDeploymentPostprocessing = 0;
		};
		8450AA3721B89F8300B44E39 /* Frameworks */ = {
			isa = PBXFrameworksBuildPhase;
			buildActionMask = 2147483647;
			files = (
				AC80672EE2C829715EE7D50B /* Pods_flowTests.framework in Frameworks */,
			);
			runOnlyForDeploymentPostprocessing = 0;
		};
/* End PBXFrameworksBuildPhase section */

/* Begin PBXGroup section */
		8450AA1D21B89F7F00B44E39 = {
			isa = PBXGroup;
			children = (
				8450AA2821B89F7F00B44E39 /* flow */,
				8450AA3D21B89F8300B44E39 /* flowTests */,
				8450AA2721B89F7F00B44E39 /* Products */,
				CA9374A6DBC675EA7FAC5D46 /* Pods */,
				8F2023FDC1EDA7E9054E057F /* Frameworks */,
			);
			sourceTree = "<group>";
		};
		8450AA2721B89F7F00B44E39 /* Products */ = {
			isa = PBXGroup;
			children = (
				8450AA2621B89F7F00B44E39 /* flow.app */,
				8450AA3A21B89F8300B44E39 /* flowTests.xctest */,
			);
			name = Products;
			sourceTree = "<group>";
		};
		8450AA2821B89F7F00B44E39 /* flow */ = {
			isa = PBXGroup;
			children = (
				8450AA6121B8B69700B44E39 /* Model */,
				8450AA4F21B8A7B200B44E39 /* Services */,
				8450AA4C21B8A63900B44E39 /* Utils */,
				8450AA4B21B8A51700B44E39 /* App */,
				8450AA2921B89F7F00B44E39 /* AppDelegate.swift */,
				8450AA2D21B89F7F00B44E39 /* Main.storyboard */,
				8450AA5721B8AC2400B44E39 /* Assets.xcassets */,
				8450AA3221B89F8300B44E39 /* LaunchScreen.storyboard */,
				8450AA3521B89F8300B44E39 /* Info.plist */,
			);
			path = flow;
			sourceTree = "<group>";
		};
		8450AA3D21B89F8300B44E39 /* flowTests */ = {
			isa = PBXGroup;
			children = (
				8450AA3E21B89F8300B44E39 /* flowTests.swift */,
				8450AA4021B89F8300B44E39 /* Info.plist */,
			);
			path = flowTests;
			sourceTree = "<group>";
		};
		8450AA4B21B8A51700B44E39 /* App */ = {
			isa = PBXGroup;
			children = (
				8450AA8121BAA48500B44E39 /* AddCity */,
				8450AA7721BA909F00B44E39 /* Details */,
				8450AA5221B8AAE700B44E39 /* Start */,
			);
			path = App;
			sourceTree = "<group>";
		};
		8450AA4C21B8A63900B44E39 /* Utils */ = {
			isa = PBXGroup;
			children = (
				8450AA5921B8AD9300B44E39 /* Tap.swift */,
				8450AA5B21B8B4CE00B44E39 /* XibView.swift */,
				8450AA6221B8B73000B44E39 /* Async.swift */,
				8450AA6621B8B99D00B44E39 /* Optional.swift */,
				8450AA6821B8BC8F00B44E39 /* Result.swift */,
				8450AA6F21B8CC8900B44E39 /* FPUtils.swift */,
				8450AA7121B8D11400B44E39 /* Collection.swift */,
				8450AA7321B8DC6500B44E39 /* AlertPresenter.swift */,
			);
			path = Utils;
			sourceTree = "<group>";
		};
		8450AA4F21B8A7B200B44E39 /* Services */ = {
			isa = PBXGroup;
			children = (
				8450AA6C21B8C84700B44E39 /* Parser */,
				8450AA4D21B8A6C500B44E39 /* Service.swift */,
				8450AA5021B8A95800B44E39 /* WeatherService.swift */,
				8450AA8421BAA68F00B44E39 /* CountryService.swift */,
			);
			path = Services;
			sourceTree = "<group>";
		};
		8450AA5221B8AAE700B44E39 /* Start */ = {
			isa = PBXGroup;
			children = (
				8450AA7821BA9A5F00B44E39 /* CityCell */,
				8450AA4921B8A49800B44E39 /* StartVC.swift */,
			);
			path = Start;
			sourceTree = "<group>";
		};
		8450AA6121B8B69700B44E39 /* Model */ = {
			isa = PBXGroup;
			children = (
				8450AA6421B8B8C400B44E39 /* City.swift */,
				8450AA6A21B8C46800B44E39 /* Weather.swift */,
			);
			path = Model;
			sourceTree = "<group>";
		};
		8450AA6C21B8C84700B44E39 /* Parser */ = {
			isa = PBXGroup;
			children = (
				8450AA6D21B8C86100B44E39 /* WeatherParser.swift */,
				8450AA8621BAACAD00B44E39 /* CountryParser.swift */,
				8450AA8821BAB0DC00B44E39 /* ParserFunctions.swift */,
			);
			path = Parser;
			sourceTree = "<group>";
		};
		8450AA7721BA909F00B44E39 /* Details */ = {
			isa = PBXGroup;
			children = (
				8450AA8221BAA55200B44E39 /* DetailsVC.swift */,
			);
			path = Details;
			sourceTree = "<group>";
		};
		8450AA7821BA9A5F00B44E39 /* CityCell */ = {
			isa = PBXGroup;
			children = (
				8450AA7921BA9A9B00B44E39 /* CityCell.swift */,
				8450AA7D21BA9B2D00B44E39 /* CityCellUiView.swift */,
				8450AA7E21BA9B2D00B44E39 /* CityCellUiView.xib */,
			);
			path = CityCell;
			sourceTree = "<group>";
		};
		8450AA8121BAA48500B44E39 /* AddCity */ = {
			isa = PBXGroup;
			children = (
				8450AA8A21BAB3AD00B44E39 /* NewCityCell */,
				8450AA2B21B89F7F00B44E39 /* AddCityVC.swift */,
			);
			path = AddCity;
			sourceTree = "<group>";
		};
		8450AA8A21BAB3AD00B44E39 /* NewCityCell */ = {
			isa = PBXGroup;
			children = (
				8450AA8B21BAB4CF00B44E39 /* NewCityCell.swift */,
			);
			path = NewCityCell;
			sourceTree = "<group>";
		};
		8F2023FDC1EDA7E9054E057F /* Frameworks */ = {
			isa = PBXGroup;
			children = (
				82A2465C932888A1168152B9 /* Pods_flow.framework */,
				76319CA47DB8212748EC770C /* Pods_flowTests.framework */,
			);
			name = Frameworks;
			sourceTree = "<group>";
		};
		CA9374A6DBC675EA7FAC5D46 /* Pods */ = {
			isa = PBXGroup;
			children = (
				B3B86B564B4757C1DFCB54E8 /* Pods-flow.debug.xcconfig */,
				4E2E51D38B8EE45A58956FE9 /* Pods-flow.release.xcconfig */,
				548C35AC01D6B1554AF63EAC /* Pods-flowTests.debug.xcconfig */,
				709CDC27CA8ECFF96117FF4D /* Pods-flowTests.release.xcconfig */,
			);
			name = Pods;
			sourceTree = "<group>";
		};
/* End PBXGroup section */

/* Begin PBXNativeTarget section */
		8450AA2521B89F7F00B44E39 /* flow */ = {
			isa = PBXNativeTarget;
			buildConfigurationList = 8450AA4321B89F8300B44E39 /* Build configuration list for PBXNativeTarget "flow" */;
			buildPhases = (
				96556C3E926E4929457850D3 /* [CP] Check Pods Manifest.lock */,
				8450AA2221B89F7F00B44E39 /* Sources */,
				8450AA2321B89F7F00B44E39 /* Frameworks */,
				8450AA2421B89F7F00B44E39 /* Resources */,
				091CA6FD3CF36EC266E5ADD9 /* [CP] Embed Pods Frameworks */,
			);
			buildRules = (
			);
			dependencies = (
			);
			name = flow;
			productName = flow;
			productReference = 8450AA2621B89F7F00B44E39 /* flow.app */;
			productType = "com.apple.product-type.application";
		};
		8450AA3921B89F8300B44E39 /* flowTests */ = {
			isa = PBXNativeTarget;
			buildConfigurationList = 8450AA4621B89F8300B44E39 /* Build configuration list for PBXNativeTarget "flowTests" */;
			buildPhases = (
				0976D1A846E6F49FADC8B1FA /* [CP] Check Pods Manifest.lock */,
				8450AA3621B89F8300B44E39 /* Sources */,
				8450AA3721B89F8300B44E39 /* Frameworks */,
				8450AA3821B89F8300B44E39 /* Resources */,
			);
			buildRules = (
			);
			dependencies = (
				8450AA3C21B89F8300B44E39 /* PBXTargetDependency */,
			);
			name = flowTests;
			productName = flowTests;
			productReference = 8450AA3A21B89F8300B44E39 /* flowTests.xctest */;
			productType = "com.apple.product-type.bundle.unit-test";
		};
/* End PBXNativeTarget section */

/* Begin PBXProject section */
		8450AA1E21B89F7F00B44E39 /* Project object */ = {
			isa = PBXProject;
			attributes = {
				LastSwiftUpdateCheck = 1010;
				LastUpgradeCheck = 1010;
				ORGANIZATIONNAME = Consoni;
				TargetAttributes = {
					8450AA2521B89F7F00B44E39 = {
						CreatedOnToolsVersion = 10.1;
					};
					8450AA3921B89F8300B44E39 = {
						CreatedOnToolsVersion = 10.1;
						TestTargetID = 8450AA2521B89F7F00B44E39;
					};
				};
			};
			buildConfigurationList = 8450AA2121B89F7F00B44E39 /* Build configuration list for PBXProject "flow" */;
			compatibilityVersion = "Xcode 9.3";
			developmentRegion = en;
			hasScannedForEncodings = 0;
			knownRegions = (
				en,
				Base,
			);
			mainGroup = 8450AA1D21B89F7F00B44E39;
			productRefGroup = 8450AA2721B89F7F00B44E39 /* Products */;
			projectDirPath = "";
			projectRoot = "";
			targets = (
				8450AA2521B89F7F00B44E39 /* flow */,
				8450AA3921B89F8300B44E39 /* flowTests */,
			);
		};
/* End PBXProject section */

/* Begin PBXResourcesBuildPhase section */
		8450AA2421B89F7F00B44E39 /* Resources */ = {
			isa = PBXResourcesBuildPhase;
			buildActionMask = 2147483647;
			files = (
				8450AA3421B89F8300B44E39 /* LaunchScreen.storyboard in Resources */,
				8450AA2F21B89F7F00B44E39 /* Main.storyboard in Resources */,
				8450AA5821B8AC2400B44E39 /* Assets.xcassets in Resources */,
				8450AA8021BA9B2D00B44E39 /* CityCellUiView.xib in Resources */,
			);
			runOnlyForDeploymentPostprocessing = 0;
		};
		8450AA3821B89F8300B44E39 /* Resources */ = {
			isa = PBXResourcesBuildPhase;
			buildActionMask = 2147483647;
			files = (
			);
			runOnlyForDeploymentPostprocessing = 0;
		};
/* End PBXResourcesBuildPhase section */

/* Begin PBXShellScriptBuildPhase section */
		091CA6FD3CF36EC266E5ADD9 /* [CP] Embed Pods Frameworks */ = {
			isa = PBXShellScriptBuildPhase;
			buildActionMask = 2147483647;
			files = (
			);
			inputFileListPaths = (
			);
			inputPaths = (
				"${SRCROOT}/Pods/Target Support Files/Pods-flow/Pods-flow-frameworks.sh",
				"${BUILT_PRODUCTS_DIR}/Alamofire/Alamofire.framework",
				"${BUILT_PRODUCTS_DIR}/Alamofire-Synchronous/Alamofire_Synchronous.framework",
				"${BUILT_PRODUCTS_DIR}/KeychainSwift/KeychainSwift.framework",
				"${BUILT_PRODUCTS_DIR}/SVProgressHUD/SVProgressHUD.framework",
				"${BUILT_PRODUCTS_DIR}/SwiftyJSON/SwiftyJSON.framework",
			);
			name = "[CP] Embed Pods Frameworks";
			outputFileListPaths = (
			);
			outputPaths = (
				"${TARGET_BUILD_DIR}/${FRAMEWORKS_FOLDER_PATH}/Alamofire.framework",
				"${TARGET_BUILD_DIR}/${FRAMEWORKS_FOLDER_PATH}/Alamofire_Synchronous.framework",
				"${TARGET_BUILD_DIR}/${FRAMEWORKS_FOLDER_PATH}/KeychainSwift.framework",
				"${TARGET_BUILD_DIR}/${FRAMEWORKS_FOLDER_PATH}/SVProgressHUD.framework",
				"${TARGET_BUILD_DIR}/${FRAMEWORKS_FOLDER_PATH}/SwiftyJSON.framework",
			);
			runOnlyForDeploymentPostprocessing = 0;
			shellPath = /bin/sh;
			shellScript = "\"${SRCROOT}/Pods/Target Support Files/Pods-flow/Pods-flow-frameworks.sh\"\n";
			showEnvVarsInLog = 0;
		};
		0976D1A846E6F49FADC8B1FA /* [CP] Check Pods Manifest.lock */ = {
			isa = PBXShellScriptBuildPhase;
			buildActionMask = 2147483647;
			files = (
			);
			inputFileListPaths = (
			);
			inputPaths = (
				"${PODS_PODFILE_DIR_PATH}/Podfile.lock",
				"${PODS_ROOT}/Manifest.lock",
			);
			name = "[CP] Check Pods Manifest.lock";
			outputFileListPaths = (
			);
			outputPaths = (
				"$(DERIVED_FILE_DIR)/Pods-flowTests-checkManifestLockResult.txt",
			);
			runOnlyForDeploymentPostprocessing = 0;
			shellPath = /bin/sh;
			shellScript = "diff \"${PODS_PODFILE_DIR_PATH}/Podfile.lock\" \"${PODS_ROOT}/Manifest.lock\" > /dev/null\nif [ $? != 0 ] ; then\n    # print error to STDERR\n    echo \"error: The sandbox is not in sync with the Podfile.lock. Run 'pod install' or update your CocoaPods installation.\" >&2\n    exit 1\nfi\n# This output is used by Xcode 'outputs' to avoid re-running this script phase.\necho \"SUCCESS\" > \"${SCRIPT_OUTPUT_FILE_0}\"\n";
			showEnvVarsInLog = 0;
		};
		96556C3E926E4929457850D3 /* [CP] Check Pods Manifest.lock */ = {
			isa = PBXShellScriptBuildPhase;
			buildActionMask = 2147483647;
			files = (
			);
			inputFileListPaths = (
			);
			inputPaths = (
				"${PODS_PODFILE_DIR_PATH}/Podfile.lock",
				"${PODS_ROOT}/Manifest.lock",
			);
			name = "[CP] Check Pods Manifest.lock";
			outputFileListPaths = (
			);
			outputPaths = (
				"$(DERIVED_FILE_DIR)/Pods-flow-checkManifestLockResult.txt",
			);
			runOnlyForDeploymentPostprocessing = 0;
			shellPath = /bin/sh;
			shellScript = "diff \"${PODS_PODFILE_DIR_PATH}/Podfile.lock\" \"${PODS_ROOT}/Manifest.lock\" > /dev/null\nif [ $? != 0 ] ; then\n    # print error to STDERR\n    echo \"error: The sandbox is not in sync with the Podfile.lock. Run 'pod install' or update your CocoaPods installation.\" >&2\n    exit 1\nfi\n# This output is used by Xcode 'outputs' to avoid re-running this script phase.\necho \"SUCCESS\" > \"${SCRIPT_OUTPUT_FILE_0}\"\n";
			showEnvVarsInLog = 0;
		};
/* End PBXShellScriptBuildPhase section */

/* Begin PBXSourcesBuildPhase section */
		8450AA2221B89F7F00B44E39 /* Sources */ = {
			isa = PBXSourcesBuildPhase;
			buildActionMask = 2147483647;
			files = (
				8450AA7021B8CC8900B44E39 /* FPUtils.swift in Sources */,
				8450AA5121B8A95800B44E39 /* WeatherService.swift in Sources */,
				8450AA8921BAB0DC00B44E39 /* ParserFunctions.swift in Sources */,
				8450AA6721B8B99D00B44E39 /* Optional.swift in Sources */,
				8450AA4A21B8A49800B44E39 /* StartVC.swift in Sources */,
				8450AA2C21B89F7F00B44E39 /* AddCityVC.swift in Sources */,
				8450AA2A21B89F7F00B44E39 /* AppDelegate.swift in Sources */,
				8450AA6321B8B73000B44E39 /* Async.swift in Sources */,
				8450AA7221B8D11400B44E39 /* Collection.swift in Sources */,
				8450AA6921B8BC8F00B44E39 /* Result.swift in Sources */,
				8450AA4E21B8A6C500B44E39 /* Service.swift in Sources */,
				8450AA8521BAA68F00B44E39 /* CountryService.swift in Sources */,
				8450AA8321BAA55200B44E39 /* DetailsVC.swift in Sources */,
				8450AA6B21B8C46800B44E39 /* Weather.swift in Sources */,
				8450AA7421B8DC6500B44E39 /* AlertPresenter.swift in Sources */,
				8450AA7F21BA9B2D00B44E39 /* CityCellUiView.swift in Sources */,
				8450AA6521B8B8C400B44E39 /* City.swift in Sources */,
				8450AA5C21B8B4CE00B44E39 /* XibView.swift in Sources */,
				8450AA7A21BA9A9B00B44E39 /* CityCell.swift in Sources */,
				8450AA8C21BAB4CF00B44E39 /* NewCityCell.swift in Sources */,
				8450AA6E21B8C86100B44E39 /* WeatherParser.swift in Sources */,
				8450AA5A21B8AD9300B44E39 /* Tap.swift in Sources */,
				8450AA8721BAACAD00B44E39 /* CountryParser.swift in Sources */,
			);
			runOnlyForDeploymentPostprocessing = 0;
		};
		8450AA3621B89F8300B44E39 /* Sources */ = {
			isa = PBXSourcesBuildPhase;
			buildActionMask = 2147483647;
			files = (
				8450AA3F21B89F8300B44E39 /* flowTests.swift in Sources */,
			);
			runOnlyForDeploymentPostprocessing = 0;
		};
/* End PBXSourcesBuildPhase section */

/* Begin PBXTargetDependency section */
		8450AA3C21B89F8300B44E39 /* PBXTargetDependency */ = {
			isa = PBXTargetDependency;
			target = 8450AA2521B89F7F00B44E39 /* flow */;
			targetProxy = 8450AA3B21B89F8300B44E39 /* PBXContainerItemProxy */;
		};
/* End PBXTargetDependency section */

/* Begin PBXVariantGroup section */
		8450AA2D21B89F7F00B44E39 /* Main.storyboard */ = {
			isa = PBXVariantGroup;
			children = (
				8450AA2E21B89F7F00B44E39 /* Base */,
			);
			name = Main.storyboard;
			sourceTree = "<group>";
		};
		8450AA3221B89F8300B44E39 /* LaunchScreen.storyboard */ = {
			isa = PBXVariantGroup;
			children = (
				8450AA3321B89F8300B44E39 /* Base */,
			);
			name = LaunchScreen.storyboard;
			sourceTree = "<group>";
		};
/* End PBXVariantGroup section */

/* Begin XCBuildConfiguration section */
		8450AA4121B89F8300B44E39 /* Debug */ = {
			isa = XCBuildConfiguration;
			buildSettings = {
				ALWAYS_SEARCH_USER_PATHS = NO;
				CLANG_ANALYZER_NONNULL = YES;
				CLANG_ANALYZER_NUMBER_OBJECT_CONVERSION = YES_AGGRESSIVE;
				CLANG_CXX_LANGUAGE_STANDARD = "gnu++14";
				CLANG_CXX_LIBRARY = "libc++";
				CLANG_ENABLE_MODULES = YES;
				CLANG_ENABLE_OBJC_ARC = YES;
				CLANG_ENABLE_OBJC_WEAK = YES;
				CLANG_WARN_BLOCK_CAPTURE_AUTORELEASING = YES;
				CLANG_WARN_BOOL_CONVERSION = YES;
				CLANG_WARN_COMMA = YES;
				CLANG_WARN_CONSTANT_CONVERSION = YES;
				CLANG_WARN_DEPRECATED_OBJC_IMPLEMENTATIONS = YES;
				CLANG_WARN_DIRECT_OBJC_ISA_USAGE = YES_ERROR;
				CLANG_WARN_DOCUMENTATION_COMMENTS = YES;
				CLANG_WARN_EMPTY_BODY = YES;
				CLANG_WARN_ENUM_CONVERSION = YES;
				CLANG_WARN_INFINITE_RECURSION = YES;
				CLANG_WARN_INT_CONVERSION = YES;
				CLANG_WARN_NON_LITERAL_NULL_CONVERSION = YES;
				CLANG_WARN_OBJC_IMPLICIT_RETAIN_SELF = YES;
				CLANG_WARN_OBJC_LITERAL_CONVERSION = YES;
				CLANG_WARN_OBJC_ROOT_CLASS = YES_ERROR;
				CLANG_WARN_RANGE_LOOP_ANALYSIS = YES;
				CLANG_WARN_STRICT_PROTOTYPES = YES;
				CLANG_WARN_SUSPICIOUS_MOVE = YES;
				CLANG_WARN_UNGUARDED_AVAILABILITY = YES_AGGRESSIVE;
				CLANG_WARN_UNREACHABLE_CODE = YES;
				CLANG_WARN__DUPLICATE_METHOD_MATCH = YES;
				CODE_SIGN_IDENTITY = "iPhone Developer";
				COPY_PHASE_STRIP = NO;
				DEBUG_INFORMATION_FORMAT = dwarf;
				ENABLE_STRICT_OBJC_MSGSEND = YES;
				ENABLE_TESTABILITY = YES;
				GCC_C_LANGUAGE_STANDARD = gnu11;
				GCC_DYNAMIC_NO_PIC = NO;
				GCC_NO_COMMON_BLOCKS = YES;
				GCC_OPTIMIZATION_LEVEL = 0;
				GCC_PREPROCESSOR_DEFINITIONS = (
					"DEBUG=1",
					"$(inherited)",
				);
				GCC_WARN_64_TO_32_BIT_CONVERSION = YES;
				GCC_WARN_ABOUT_RETURN_TYPE = YES_ERROR;
				GCC_WARN_UNDECLARED_SELECTOR = YES;
				GCC_WARN_UNINITIALIZED_AUTOS = YES_AGGRESSIVE;
				GCC_WARN_UNUSED_FUNCTION = YES;
				GCC_WARN_UNUSED_VARIABLE = YES;
				IPHONEOS_DEPLOYMENT_TARGET = 12.1;
				MTL_ENABLE_DEBUG_INFO = INCLUDE_SOURCE;
				MTL_FAST_MATH = YES;
				ONLY_ACTIVE_ARCH = YES;
				SDKROOT = iphoneos;
				SWIFT_ACTIVE_COMPILATION_CONDITIONS = DEBUG;
				SWIFT_OPTIMIZATION_LEVEL = "-Onone";
			};
			name = Debug;
		};
		8450AA4221B89F8300B44E39 /* Release */ = {
			isa = XCBuildConfiguration;
			buildSettings = {
				ALWAYS_SEARCH_USER_PATHS = NO;
				CLANG_ANALYZER_NONNULL = YES;
				CLANG_ANALYZER_NUMBER_OBJECT_CONVERSION = YES_AGGRESSIVE;
				CLANG_CXX_LANGUAGE_STANDARD = "gnu++14";
				CLANG_CXX_LIBRARY = "libc++";
				CLANG_ENABLE_MODULES = YES;
				CLANG_ENABLE_OBJC_ARC = YES;
				CLANG_ENABLE_OBJC_WEAK = YES;
				CLANG_WARN_BLOCK_CAPTURE_AUTORELEASING = YES;
				CLANG_WARN_BOOL_CONVERSION = YES;
				CLANG_WARN_COMMA = YES;
				CLANG_WARN_CONSTANT_CONVERSION = YES;
				CLANG_WARN_DEPRECATED_OBJC_IMPLEMENTATIONS = YES;
				CLANG_WARN_DIRECT_OBJC_ISA_USAGE = YES_ERROR;
				CLANG_WARN_DOCUMENTATION_COMMENTS = YES;
				CLANG_WARN_EMPTY_BODY = YES;
				CLANG_WARN_ENUM_CONVERSION = YES;
				CLANG_WARN_INFINITE_RECURSION = YES;
				CLANG_WARN_INT_CONVERSION = YES;
				CLANG_WARN_NON_LITERAL_NULL_CONVERSION = YES;
				CLANG_WARN_OBJC_IMPLICIT_RETAIN_SELF = YES;
				CLANG_WARN_OBJC_LITERAL_CONVERSION = YES;
				CLANG_WARN_OBJC_ROOT_CLASS = YES_ERROR;
				CLANG_WARN_RANGE_LOOP_ANALYSIS = YES;
				CLANG_WARN_STRICT_PROTOTYPES = YES;
				CLANG_WARN_SUSPICIOUS_MOVE = YES;
				CLANG_WARN_UNGUARDED_AVAILABILITY = YES_AGGRESSIVE;
				CLANG_WARN_UNREACHABLE_CODE = YES;
				CLANG_WARN__DUPLICATE_METHOD_MATCH = YES;
				CODE_SIGN_IDENTITY = "iPhone Developer";
				COPY_PHASE_STRIP = NO;
				DEBUG_INFORMATION_FORMAT = "dwarf-with-dsym";
				ENABLE_NS_ASSERTIONS = NO;
				ENABLE_STRICT_OBJC_MSGSEND = YES;
				GCC_C_LANGUAGE_STANDARD = gnu11;
				GCC_NO_COMMON_BLOCKS = YES;
				GCC_WARN_64_TO_32_BIT_CONVERSION = YES;
				GCC_WARN_ABOUT_RETURN_TYPE = YES_ERROR;
				GCC_WARN_UNDECLARED_SELECTOR = YES;
				GCC_WARN_UNINITIALIZED_AUTOS = YES_AGGRESSIVE;
				GCC_WARN_UNUSED_FUNCTION = YES;
				GCC_WARN_UNUSED_VARIABLE = YES;
				IPHONEOS_DEPLOYMENT_TARGET = 12.1;
				MTL_ENABLE_DEBUG_INFO = NO;
				MTL_FAST_MATH = YES;
				SDKROOT = iphoneos;
				SWIFT_COMPILATION_MODE = wholemodule;
				SWIFT_OPTIMIZATION_LEVEL = "-O";
				VALIDATE_PRODUCT = YES;
			};
			name = Release;
		};
		8450AA4421B89F8300B44E39 /* Debug */ = {
			isa = XCBuildConfiguration;
			baseConfigurationReference = B3B86B564B4757C1DFCB54E8 /* Pods-flow.debug.xcconfig */;
			buildSettings = {
				ASSETCATALOG_COMPILER_APPICON_NAME = AppIcon;
				CODE_SIGN_STYLE = Automatic;
				DEVELOPMENT_TEAM = "";
				INFOPLIST_FILE = flow/Info.plist;
				LD_RUNPATH_SEARCH_PATHS = (
					"$(inherited)",
					"@executable_path/Frameworks",
				);
				PRODUCT_BUNDLE_IDENTIFIER = com.flow;
				PRODUCT_NAME = "$(TARGET_NAME)";
				SWIFT_VERSION = 4.2;
				TARGETED_DEVICE_FAMILY = "1,2";
			};
			name = Debug;
		};
		8450AA4521B89F8300B44E39 /* Release */ = {
			isa = XCBuildConfiguration;
			baseConfigurationReference = 4E2E51D38B8EE45A58956FE9 /* Pods-flow.release.xcconfig */;
			buildSettings = {
				ASSETCATALOG_COMPILER_APPICON_NAME = AppIcon;
				CODE_SIGN_STYLE = Automatic;
				DEVELOPMENT_TEAM = "";
				INFOPLIST_FILE = flow/Info.plist;
				LD_RUNPATH_SEARCH_PATHS = (
					"$(inherited)",
					"@executable_path/Frameworks",
				);
				PRODUCT_BUNDLE_IDENTIFIER = com.flow;
				PRODUCT_NAME = "$(TARGET_NAME)";
				SWIFT_VERSION = 4.2;
				TARGETED_DEVICE_FAMILY = "1,2";
			};
			name = Release;
		};
		8450AA4721B89F8300B44E39 /* Debug */ = {
			isa = XCBuildConfiguration;
			baseConfigurationReference = 548C35AC01D6B1554AF63EAC /* Pods-flowTests.debug.xcconfig */;
			buildSettings = {
				ALWAYS_EMBED_SWIFT_STANDARD_LIBRARIES = YES;
				BUNDLE_LOADER = "$(TEST_HOST)";
				CODE_SIGN_STYLE = Automatic;
				INFOPLIST_FILE = flowTests/Info.plist;
				LD_RUNPATH_SEARCH_PATHS = (
					"$(inherited)",
					"@executable_path/Frameworks",
					"@loader_path/Frameworks",
				);
				PRODUCT_BUNDLE_IDENTIFIER = com.flowTests;
				PRODUCT_NAME = "$(TARGET_NAME)";
				SWIFT_VERSION = 4.2;
				TARGETED_DEVICE_FAMILY = "1,2";
				TEST_HOST = "$(BUILT_PRODUCTS_DIR)/flow.app/flow";
			};
			name = Debug;
		};
		8450AA4821B89F8300B44E39 /* Release */ = {
			isa = XCBuildConfiguration;
			baseConfigurationReference = 709CDC27CA8ECFF96117FF4D /* Pods-flowTests.release.xcconfig */;
			buildSettings = {
				ALWAYS_EMBED_SWIFT_STANDARD_LIBRARIES = YES;
				BUNDLE_LOADER = "$(TEST_HOST)";
				CODE_SIGN_STYLE = Automatic;
				INFOPLIST_FILE = flowTests/Info.plist;
				LD_RUNPATH_SEARCH_PATHS = (
					"$(inherited)",
					"@executable_path/Frameworks",
					"@loader_path/Frameworks",
				);
				PRODUCT_BUNDLE_IDENTIFIER = com.flowTests;
				PRODUCT_NAME = "$(TARGET_NAME)";
				SWIFT_VERSION = 4.2;
				TARGETED_DEVICE_FAMILY = "1,2";
				TEST_HOST = "$(BUILT_PRODUCTS_DIR)/flow.app/flow";
			};
			name = Release;
		};
/* End XCBuildConfiguration section */

/* Begin XCConfigurationList section */
		8450AA2121B89F7F00B44E39 /* Build configuration list for PBXProject "flow" */ = {
			isa = XCConfigurationList;
			buildConfigurations = (
				8450AA4121B89F8300B44E39 /* Debug */,
				8450AA4221B89F8300B44E39 /* Release */,
			);
			defaultConfigurationIsVisible = 0;
			defaultConfigurationName = Release;
		};
		8450AA4321B89F8300B44E39 /* Build configuration list for PBXNativeTarget "flow" */ = {
			isa = XCConfigurationList;
			buildConfigurations = (
				8450AA4421B89F8300B44E39 /* Debug */,
				8450AA4521B89F8300B44E39 /* Release */,
			);
			defaultConfigurationIsVisible = 0;
			defaultConfigurationName = Release;
		};
		8450AA4621B89F8300B44E39 /* Build configuration list for PBXNativeTarget "flowTests" */ = {
			isa = XCConfigurationList;
			buildConfigurations = (
				8450AA4721B89F8300B44E39 /* Debug */,
				8450AA4821B89F8300B44E39 /* Release */,
			);
			defaultConfigurationIsVisible = 0;
			defaultConfigurationName = Release;
		};
/* End XCConfigurationList section */
	};
	rootObject = 8450AA1E21B89F7F00B44E39 /* Project object */;
}
